// !$*UTF8*$!
{
	archiveVersion = 1;
	classes = {
	};
	objectVersion = 46;
	objects = {

/* Begin PBXBuildFile section */
		6029707A1AD462B9000115AA /* AppDelegate.swift in Sources */ = {isa = PBXBuildFile; fileRef = 602970791AD462B9000115AA /* AppDelegate.swift */; };
		6029707C1AD462B9000115AA /* ViewController.swift in Sources */ = {isa = PBXBuildFile; fileRef = 6029707B1AD462B9000115AA /* ViewController.swift */; };
		6029707F1AD462B9000115AA /* Main.storyboard in Resources */ = {isa = PBXBuildFile; fileRef = 6029707D1AD462B9000115AA /* Main.storyboard */; };
		602970811AD462B9000115AA /* Images.xcassets in Resources */ = {isa = PBXBuildFile; fileRef = 602970801AD462B9000115AA /* Images.xcassets */; };
		602970841AD462B9000115AA /* LaunchScreen.xib in Resources */ = {isa = PBXBuildFile; fileRef = 602970821AD462B9000115AA /* LaunchScreen.xib */; };
		602970901AD462B9000115AA /* ShoeConverterTests.swift in Sources */ = {isa = PBXBuildFile; fileRef = 6029708F1AD462B9000115AA /* ShoeConverterTests.swift */; };
/* End PBXBuildFile section */

/* Begin PBXContainerItemProxy section */
		6029708A1AD462B9000115AA /* PBXContainerItemProxy */ = {
			isa = PBXContainerItemProxy;
			containerPortal = 6029706C1AD462B9000115AA /* Project object */;
			proxyType = 1;
			remoteGlobalIDString = 602970731AD462B9000115AA;
			remoteInfo = ShoeConverter;
		};
/* End PBXContainerItemProxy section */

/* Begin PBXFileReference section */
		602970741AD462B9000115AA /* ShoeConverter.app */ = {isa = PBXFileReference; explicitFileType = wrapper.application; includeInIndex = 0; path = ShoeConverter.app; sourceTree = BUILT_PRODUCTS_DIR; };
		602970781AD462B9000115AA /* Info.plist */ = {isa = PBXFileReference; lastKnownFileType = text.plist.xml; path = Info.plist; sourceTree = "<group>"; };
		602970791AD462B9000115AA /* AppDelegate.swift */ = {isa = PBXFileReference; lastKnownFileType = sourcecode.swift; path = AppDelegate.swift; sourceTree = "<group>"; };
		6029707B1AD462B9000115AA /* ViewController.swift */ = {isa = PBXFileReference; lastKnownFileType = sourcecode.swift; path = ViewController.swift; sourceTree = "<group>"; };
		6029707E1AD462B9000115AA /* Base */ = {isa = PBXFileReference; lastKnownFileType = file.storyboard; name = Base; path = Base.lproj/Main.storyboard; sourceTree = "<group>"; };
		602970801AD462B9000115AA /* Images.xcassets */ = {isa = PBXFileReference; lastKnownFileType = folder.assetcatalog; path = Images.xcassets; sourceTree = "<group>"; };
		602970831AD462B9000115AA /* Base */ = {isa = PBXFileReference; lastKnownFileType = file.xib; name = Base; path = Base.lproj/LaunchScreen.xib; sourceTree = "<group>"; };
		602970891AD462B9000115AA /* ShoeConverterTests.xctest */ = {isa = PBXFileReference; explicitFileType = wrapper.cfbundle; includeInIndex = 0; path = ShoeConverterTests.xctest; sourceTree = BUILT_PRODUCTS_DIR; };
		6029708E1AD462B9000115AA /* Info.plist */ = {isa = PBXFileReference; lastKnownFileType = text.plist.xml; path = Info.plist; sourceTree = "<group>"; };
		6029708F1AD462B9000115AA /* ShoeConverterTests.swift */ = {isa = PBXFileReference; lastKnownFileType = sourcecode.swift; path = ShoeConverterTests.swift; sourceTree = "<group>"; };
/* End PBXFileReference section */

/* Begin PBXFrameworksBuildPhase section */
		602970711AD462B9000115AA /* Frameworks */ = {
			isa = PBXFrameworksBuildPhase;
			buildActionMask = 2147483647;
			files = (
			);
			runOnlyForDeploymentPostprocessing = 0;
		};
		602970861AD462B9000115AA /* Frameworks */ = {
			isa = PBXFrameworksBuildPhase;
			buildActionMask = 2147483647;
			files = (
			);
			runOnlyForDeploymentPostprocessing = 0;
		};
/* End PBXFrameworksBuildPhase section */

/* Begin PBXGroup section */
		6029706B1AD462B9000115AA = {
			isa = PBXGroup;
			children = (
				602970761AD462B9000115AA /* ShoeConverter */,
				6029708C1AD462B9000115AA /* ShoeConverterTests */,
				602970751AD462B9000115AA /* Products */,
			);
			sourceTree = "<group>";
		};
		602970751AD462B9000115AA /* Products */ = {
			isa = PBXGroup;
			children = (
				602970741AD462B9000115AA /* ShoeConverter.app */,
				602970891AD462B9000115AA /* ShoeConverterTests.xctest */,
			);
			name = Products;
			sourceTree = "<group>";
		};
		602970761AD462B9000115AA /* ShoeConverter */ = {
			isa = PBXGroup;
			children = (
				602970791AD462B9000115AA /* AppDelegate.swift */,
				6029707B1AD462B9000115AA /* ViewController.swift */,
				6029707D1AD462B9000115AA /* Main.storyboard */,
				602970801AD462B9000115AA /* Images.xcassets */,
				602970821AD462B9000115AA /* LaunchScreen.xib */,
				602970771AD462B9000115AA /* Supporting Files */,
			);
			path = ShoeConverter;
			sourceTree = "<group>";
		};
		602970771AD462B9000115AA /* Supporting Files */ = {
			isa = PBXGroup;
			children = (
				602970781AD462B9000115AA /* Info.plist */,
			);
			name = "Supporting Files";
			sourceTree = "<group>";
		};
		6029708C1AD462B9000115AA /* ShoeConverterTests */ = {
			isa = PBXGroup;
			children = (
				6029708F1AD462B9000115AA /* ShoeConverterTests.swift */,
				6029708D1AD462B9000115AA /* Supporting Files */,
			);
			path = ShoeConverterTests;
			sourceTree = "<group>";
		};
		6029708D1AD462B9000115AA /* Supporting Files */ = {
			isa = PBXGroup;
			children = (
				6029708E1AD462B9000115AA /* Info.plist */,
			);
			name = "Supporting Files";
			sourceTree = "<group>";
		};
/* End PBXGroup section */

/* Begin PBXNativeTarget section */
		602970731AD462B9000115AA /* ShoeConverter */ = {
			isa = PBXNativeTarget;
			buildConfigurationList = 602970931AD462B9000115AA /* Build configuration list for PBXNativeTarget "ShoeConverter" */;
			buildPhases = (
				602970701AD462B9000115AA /* Sources */,
				602970711AD462B9000115AA /* Frameworks */,
				602970721AD462B9000115AA /* Resources */,
			);
			buildRules = (
			);
			dependencies = (
			);
			name = ShoeConverter;
			productName = ShoeConverter;
			productReference = 602970741AD462B9000115AA /* ShoeConverter.app */;
			productType = "com.apple.product-type.application";
		};
		602970881AD462B9000115AA /* ShoeConverterTests */ = {
			isa = PBXNativeTarget;
			buildConfigurationList = 602970961AD462B9000115AA /* Build configuration list for PBXNativeTarget "ShoeConverterTests" */;
			buildPhases = (
				602970851AD462B9000115AA /* Sources */,
				602970861AD462B9000115AA /* Frameworks */,
				602970871AD462B9000115AA /* Resources */,
			);
			buildRules = (
			);
			dependencies = (
				6029708B1AD462B9000115AA /* PBXTargetDependency */,
			);
			name = ShoeConverterTests;
			productName = ShoeConverterTests;
			productReference = 602970891AD462B9000115AA /* ShoeConverterTests.xctest */;
			productType = "com.apple.product-type.bundle.unit-test";
		};
/* End PBXNativeTarget section */

/* Begin PBXProject section */
		6029706C1AD462B9000115AA /* Project object */ = {
			isa = PBXProject;
			attributes = {
				LastUpgradeCheck = 0620;
				ORGANIZATIONNAME = "Jonathan Archer";
				TargetAttributes = {
					602970731AD462B9000115AA = {
						CreatedOnToolsVersion = 6.2;
					};
					602970881AD462B9000115AA = {
						CreatedOnToolsVersion = 6.2;
						TestTargetID = 602970731AD462B9000115AA;
					};
				};
			};
			buildConfigurationList = 6029706F1AD462B9000115AA /* Build configuration list for PBXProject "ShoeConverter" */;
			compatibilityVersion = "Xcode 3.2";
			developmentRegion = English;
			hasScannedForEncodings = 0;
			knownRegions = (
				en,
				Base,
			);
			mainGroup = 6029706B1AD462B9000115AA;
			productRefGroup = 602970751AD462B9000115AA /* Products */;
			projectDirPath = "";
			projectRoot = "";
			targets = (
				602970731AD462B9000115AA /* ShoeConverter */,
				602970881AD462B9000115AA /* ShoeConverterTests */,
			);
		};
/* End PBXProject section */

/* Begin PBXResourcesBuildPhase section */
		602970721AD462B9000115AA /* Resources */ = {
			isa = PBXResourcesBuildPhase;
			buildActionMask = 2147483647;
			files = (
				6029707F1AD462B9000115AA /* Main.storyboard in Resources */,
				602970841AD462B9000115AA /* LaunchScreen.xib in Resources */,
				602970811AD462B9000115AA /* Images.xcassets in Resources */,
			);
			runOnlyForDeploymentPostprocessing = 0;
		};
		602970871AD462B9000115AA /* Resources */ = {
			isa = PBXResourcesBuildPhase;
			buildActionMask = 2147483647;
			files = (
			);
			runOnlyForDeploymentPostprocessing = 0;
		};
/* End PBXResourcesBuildPhase section */

/* Begin PBXSourcesBuildPhase section */
		602970701AD462B9000115AA /* Sources */ = {
			isa = PBXSourcesBuildPhase;
			buildActionMask = 2147483647;
			files = (
				6029707C1AD462B9000115AA /* ViewController.swift in Sources */,
				6029707A1AD462B9000115AA /* AppDelegate.swift in Sources */,
			);
			runOnlyForDeploymentPostprocessing = 0;
		};
		602970851AD462B9000115AA /* Sources */ = {
			isa = PBXSourcesBuildPhase;
			buildActionMask = 2147483647;
			files = (
				602970901AD462B9000115AA /* ShoeConverterTests.swift in Sources */,
			);
			runOnlyForDeploymentPostprocessing = 0;
		};
/* End PBXSourcesBuildPhase section */

/* Begin PBXTargetDependency section */
		6029708B1AD462B9000115AA /* PBXTargetDependency */ = {
			isa = PBXTargetDependency;
			target = 602970731AD462B9000115AA /* ShoeConverter */;
			targetProxy = 6029708A1AD462B9000115AA /* PBXContainerItemProxy */;
		};
/* End PBXTargetDependency section */

/* Begin PBXVariantGroup section */
		6029707D1AD462B9000115AA /* Main.storyboard */ = {
			isa = PBXVariantGroup;
			children = (
				6029707E1AD462B9000115AA /* Base */,
			);
			name = Main.storyboard;
			sourceTree = "<group>";
		};
		602970821AD462B9000115AA /* LaunchScreen.xib */ = {
			isa = PBXVariantGroup;
			children = (
				602970831AD462B9000115AA /* Base */,
			);
			name = LaunchScreen.xib;
			sourceTree = "<group>";
		};
/* End PBXVariantGroup section */

/* Begin XCBuildConfiguration section */
		602970911AD462B9000115AA /* Debug */ = {
			isa = XCBuildConfiguration;
			buildSettings = {
				ALWAYS_SEARCH_USER_PATHS = NO;
				CLANG_CXX_LANGUAGE_STANDARD = "gnu++0x";
				CLANG_CXX_LIBRARY = "libc++";
				CLANG_ENABLE_MODULES = YES;
				CLANG_ENABLE_OBJC_ARC = YES;
				CLANG_WARN_BOOL_CONVERSION = YES;
				CLANG_WARN_CONSTANT_CONVERSION = YES;
				CLANG_WARN_DIRECT_OBJC_ISA_USAGE = YES_ERROR;
				CLANG_WARN_EMPTY_BODY = YES;
				CLANG_WARN_ENUM_CONVERSION = YES;
				CLANG_WARN_INT_CONVERSION = YES;
				CLANG_WARN_OBJC_ROOT_CLASS = YES_ERROR;
				CLANG_WARN_UNREACHABLE_CODE = YES;
				CLANG_WARN__DUPLICATE_METHOD_MATCH = YES;
				"CODE_SIGN_IDENTITY[sdk=iphoneos*]" = "iPhone Developer";
				COPY_PHASE_STRIP = NO;
				ENABLE_STRICT_OBJC_MSGSEND = YES;
				GCC_C_LANGUAGE_STANDARD = gnu99;
				GCC_DYNAMIC_NO_PIC = NO;
				GCC_OPTIMIZATION_LEVEL = 0;
				GCC_PREPROCESSOR_DEFINITIONS = (
					"DEBUG=1",
					"$(inherited)",
				);
				GCC_SYMBOLS_PRIVATE_EXTERN = NO;
				GCC_WARN_64_TO_32_BIT_CONVERSION = YES;
				GCC_WARN_ABOUT_RETURN_TYPE = YES_ERROR;
				GCC_WARN_UNDECLARED_SELECTOR = YES;
				GCC_WARN_UNINITIALIZED_AUTOS = YES_AGGRESSIVE;
				GCC_WARN_UNUSED_FUNCTION = YES;
				GCC_WARN_UNUSED_VARIABLE = YES;
				IPHONEOS_DEPLOYMENT_TARGET = 8.2;
				MTL_ENABLE_DEBUG_INFO = YES;
				ONLY_ACTIVE_ARCH = YES;
				SDKROOT = iphoneos;
				SWIFT_OPTIMIZATION_LEVEL = "-Onone";
				TARGETED_DEVICE_FAMILY = "1,2";
			};
			name = Debug;
		};
		602970921AD462B9000115AA /* Release */ = {
			isa = XCBuildConfiguration;
			buildSettings = {
				ALWAYS_SEARCH_USER_PATHS = NO;
				CLANG_CXX_LANGUAGE_STANDARD = "gnu++0x";
				CLANG_CXX_LIBRARY = "libc++";
				CLANG_ENABLE_MODULES = YES;
				CLANG_ENABLE_OBJC_ARC = YES;
				CLANG_WARN_BOOL_CONVERSION = YES;
				CLANG_WARN_CONSTANT_CONVERSION = YES;
				CLANG_WARN_DIRECT_OBJC_ISA_USAGE = YES_ERROR;
				CLANG_WARN_EMPTY_BODY = YES;
				CLANG_WARN_ENUM_CONVERSION = YES;
				CLANG_WARN_INT_CONVERSION = YES;
				CLANG_WARN_OBJC_ROOT_CLASS = YES_ERROR;
				CLANG_WARN_UNREACHABLE_CODE = YES;
				CLANG_WARN__DUPLICATE_METHOD_MATCH = YES;
				"CODE_SIGN_IDENTITY[sdk=iphoneos*]" = "iPhone Developer";
				COPY_PHASE_STRIP = NO;
				ENABLE_NS_ASSERTIONS = NO;
				ENABLE_STRICT_OBJC_MSGSEND = YES;
				GCC_C_LANGUAGE_STANDARD = gnu99;
				GCC_WARN_64_TO_32_BIT_CONVERSION = YES;
				GCC_WARN_ABOUT_RETURN_TYPE = YES_ERROR;
				GCC_WARN_UNDECLARED_SELECTOR = YES;
				GCC_WARN_UNINITIALIZED_AUTOS = YES_AGGRESSIVE;
				GCC_WARN_UNUSED_FUNCTION = YES;
				GCC_WARN_UNUSED_VARIABLE = YES;
				IPHONEOS_DEPLOYMENT_TARGET = 8.2;
				MTL_ENABLE_DEBUG_INFO = NO;
				SDKROOT = iphoneos;
				TARGETED_DEVICE_FAMILY = "1,2";
				VALIDATE_PRODUCT = YES;
			};
			name = Release;
		};
		602970941AD462B9000115AA /* Debug */ = {
			isa = XCBuildConfiguration;
			buildSettings = {
				ASSETCATALOG_COMPILER_APPICON_NAME = AppIcon;
				INFOPLIST_FILE = ShoeConverter/Info.plist;
				LD_RUNPATH_SEARCH_PATHS = "$(inherited) @executable_path/Frameworks";
				PRODUCT_NAME = "$(TARGET_NAME)";
			};
			name = Debug;
		};
		602970951AD462B9000115AA /* Release */ = {
			isa = XCBuildConfiguration;
			buildSettings = {
				ASSETCATALOG_COMPILER_APPICON_NAME = AppIcon;
				INFOPLIST_FILE = ShoeConverter/Info.plist;
				LD_RUNPATH_SEARCH_PATHS = "$(inherited) @executable_path/Frameworks";
				PRODUCT_NAME = "$(TARGET_NAME)";
			};
			name = Release;
		};
		602970971AD462B9000115AA /* Debug */ = {
			isa = XCBuildConfiguration;
			buildSettings = {
				BUNDLE_LOADER = "$(TEST_HOST)";
				FRAMEWORK_SEARCH_PATHS = (
					"$(SDKROOT)/Developer/Library/Frameworks",
					"$(inherited)",
				);
				GCC_PREPROCESSOR_DEFINITIONS = (
					"DEBUG=1",
					"$(inherited)",
				);
				INFOPLIST_FILE = ShoeConverterTests/Info.plist;
				LD_RUNPATH_SEARCH_PATHS = "$(inherited) @executable_path/Frameworks @loader_path/Frameworks";
				PRODUCT_NAME = "$(TARGET_NAME)";
				TEST_HOST = "$(BUILT_PRODUCTS_DIR)/ShoeConverter.app/ShoeConverter";
			};
			name = Debug;
		};
		602970981AD462B9000115AA /* Release */ = {
			isa = XCBuildConfiguration;
			buildSettings = {
				BUNDLE_LOADER = "$(TEST_HOST)";
				FRAMEWORK_SEARCH_PATHS = (
					"$(SDKROOT)/Developer/Library/Frameworks",
					"$(inherited)",
				);
				INFOPLIST_FILE = ShoeConverterTests/Info.plist;
				LD_RUNPATH_SEARCH_PATHS = "$(inherited) @executable_path/Frameworks @loader_path/Frameworks";
				PRODUCT_NAME = "$(TARGET_NAME)";
				TEST_HOST = "$(BUILT_PRODUCTS_DIR)/ShoeConverter.app/ShoeConverter";
			};
			name = Release;
		};
/* End XCBuildConfiguration section */

/* Begin XCConfigurationList section */
		6029706F1AD462B9000115AA /* Build configuration list for PBXProject "ShoeConverter" */ = {
			isa = XCConfigurationList;
			buildConfigurations = (
				602970911AD462B9000115AA /* Debug */,
				602970921AD462B9000115AA /* Release */,
			);
			defaultConfigurationIsVisible = 0;
			defaultConfigurationName = Release;
		};
		602970931AD462B9000115AA /* Build configuration list for PBXNativeTarget "ShoeConverter" */ = {
			isa = XCConfigurationList;
			buildConfigurations = (
				602970941AD462B9000115AA /* Debug */,
				602970951AD462B9000115AA /* Release */,
			);
			defaultConfigurationIsVisible = 0;
		};
		602970961AD462B9000115AA /* Build configuration list for PBXNativeTarget "ShoeConverterTests" */ = {
			isa = XCConfigurationList;
			buildConfigurations = (
				602970971AD462B9000115AA /* Debug */,
				602970981AD462B9000115AA /* Release */,
			);
			defaultConfigurationIsVisible = 0;
		};
/* End XCConfigurationList section */
	};
	rootObject = 6029706C1AD462B9000115AA /* Project object */;
}
